{
  "originHash" : "25bbbbe1793200961893fbde3487a3aac7e74bf9dda244e4e4be421828c42194",
  "pins" : [
    {
      "identity" : "swift-jsonapi",
      "kind" : "remoteSourceControl",
      "location" : "https://github.com/Datadog/swift-jsonapi",
      "state" : {
        "revision" : "d3b95e724b0f9259c6ca659fedae246eaca0a3e2",
        "version" : "0.1.2"
      }
    },
    {
      "identity" : "swift-syntax",
      "kind" : "remoteSourceControl",
      "location" : "https://github.com/swiftlang/swift-syntax",
      "state" : {
        "revision" : "2bc86522d115234d1f588efe2bcb4ce4be8f8b82",
        "version" : "510.0.3"
      }
    }
  ],
  "version" : 3
}
